{
  "pins" : [
    {
      "identity" : "adiscope-ios-chartboost",
      "kind" : "remoteSourceControl",
      "location" : "https://github.com/adiscope/Adiscope-iOS-ChartBoost.git",
      "state" : {
        "revision" : "2c302f2c81a82c9bbcd1b12e4e6b9684ec9251a3",
        "version" : "5.0.0"
      }
    }
  ],
  "version" : 2
}
